
Microsoft Visual Studio Solution File, Format Version 12.00
# Visual Studio 14
VisualStudioVersion = 14.0.23107.0
MinimumVisualStudioVersion = 10.0.40219.1
Project("{FAE04EC0-301F-11D3-BF4B-00C04F79EFBC}") = "NLog.MongoAsync", "NLog.MongoAsync\NLog.MongoAsync.csproj", "{A2DCA3A5-47BB-44EE-B8FB-2799A62004EE}"
EndProject
Global
	GlobalSection(SolutionConfigurationPlatforms) = preSolution
		Debug|Any CPU = Debug|Any CPU
		Release|Any CPU = Release|Any CPU
	EndGlobalSection
	GlobalSection(ProjectConfigurationPlatforms) = postSolution
		{A2DCA3A5-47BB-44EE-B8FB-2799A62004EE}.Debug|Any CPU.ActiveCfg = Debug|Any CPU
		{A2DCA3A5-47BB-44EE-B8FB-2799A62004EE}.Debug|Any CPU.Build.0 = Debug|Any CPU
		{A2DCA3A5-47BB-44EE-B8FB-2799A62004EE}.Release|Any CPU.ActiveCfg = Release|Any CPU
		{A2DCA3A5-47BB-44EE-B8FB-2799A62004EE}.Release|Any CPU.Build.0 = Release|Any CPU
	EndGlobalSection
	GlobalSection(SolutionProperties) = preSolution
		HideSolutionNode = FALSE
	EndGlobalSection
EndGlobal
